
Microsoft Visual Studio Solution File, Format Version 12.00
# Visual Studio Version 17
VisualStudioVersion = 17.3.32819.101
MinimumVisualStudioVersion = 10.0.40219.1
Project("{FAE04EC0-301F-11D3-BF4B-00C04F79EFBC}") = "GameLauncher", "GameLauncher.csproj", "{244871BA-70FC-4AB6-9625-858A585F0A5E}"
EndProject
Global
	GlobalSection(SolutionConfigurationPlatforms) = preSolution
		Debug|Any CPU = Debug|Any CPU
		Release|Any CPU = Release|Any CPU
	EndGlobalSection
	GlobalSection(ProjectConfigurationPlatforms) = postSolution
		{244871BA-70FC-4AB6-9625-858A585F0A5E}.Debug|Any CPU.ActiveCfg = Debug|Any CPU
		{244871BA-70FC-4AB6-9625-858A585F0A5E}.Debug|Any CPU.Build.0 = Debug|Any CPU
		{244871BA-70FC-4AB6-9625-858A585F0A5E}.Release|Any CPU.ActiveCfg = Release|Any CPU
		{244871BA-70FC-4AB6-9625-858A585F0A5E}.Release|Any CPU.Build.0 = Release|Any CPU
	EndGlobalSection
	GlobalSection(SolutionProperties) = preSolution
		HideSolutionNode = FALSE
	EndGlobalSection
	GlobalSection(ExtensibilityGlobals) = postSolution
		SolutionGuid = {3E970D86-7DF6-4955-8BCB-D21F933BEFAB}
	EndGlobalSection
EndGlobal
